PODS:
  - RxCocoa (5.1.1):
    - RxRelay (~> 5)
    - RxSwift (~> 5)
  - RxRelay (5.1.3):
    - RxSwift (~> 5)
  - RxSwift (5.1.1)
  - RxTimelane (1.0.9):
    - RxSwift (~> 5.1)
    - TimelaneCore (~> 1.0)
  - TimelaneCore (1.0.11)

DEPENDENCIES:
  - RxCocoa (= 5.1.1)
  - RxSwift (= 5.1.1)
  - RxTimelane (= 1.0.9)

SPEC REPOS:
  trunk:
    - RxCocoa
    - RxRelay
    - RxSwift
    - RxTimelane
    - TimelaneCore

SPEC CHECKSUMS:
  RxCocoa: 32065309a38d29b5b0db858819b5bf9ef038b601
  RxRelay: 5a18c2eb2d68326ebaf0112f80d837ae41b92b97
  RxSwift: 81470a2074fa8780320ea5fe4102807cb7118178
  RxTimelane: 1579e15e7ae1d34c96a3952fe188318f6448bc5a
  TimelaneCore: 715a01e534cea5d4785309767cd9e7c012380024

PODFILE CHECKSUM: 05cbd3ea367e4ba33e773c3820be1abbde68dc2d

COCOAPODS: 1.11.2
